PODS:
  - SDWebImage (4.3.2):
    - SDWebImage/Core (= 4.3.2)
  - SDWebImage/Core (4.3.2)
  - SwiftLint (0.25.0)

DEPENDENCIES:
  - SDWebImage (~> 4.0)
  - SwiftLint

SPEC CHECKSUMS:
  SDWebImage: 29bd3c0bc1f01e5eb59720847c64ad4c4ca1af5d
  SwiftLint: e14651157288e9e01d6e1a71db7014fb5744a8ea

PODFILE CHECKSUM: 44d021ccf9905ff45bab52fbae88b718325a4a09

COCOAPODS: 1.4.0
